
Microsoft Visual Studio Solution File, Format Version 12.00
# Visual Studio Version 16
VisualStudioVersion = 16.0.30114.105
MinimumVisualStudioVersion = 10.0.40219.1
Project("{FAE04EC0-301F-11D3-BF4B-00C04F79EFBC}") = "OLab_2", "OLab_2\OLab_2.csproj", "{2A78DCDF-759B-43DB-A36E-6560F638D405}"
EndProject
Global
	GlobalSection(SolutionConfigurationPlatforms) = preSolution
		Debug|Any CPU = Debug|Any CPU
		Release|Any CPU = Release|Any CPU
	EndGlobalSection
	GlobalSection(ProjectConfigurationPlatforms) = postSolution
		{2A78DCDF-759B-43DB-A36E-6560F638D405}.Debug|Any CPU.ActiveCfg = Debug|Any CPU
		{2A78DCDF-759B-43DB-A36E-6560F638D405}.Debug|Any CPU.Build.0 = Debug|Any CPU
		{2A78DCDF-759B-43DB-A36E-6560F638D405}.Release|Any CPU.ActiveCfg = Release|Any CPU
		{2A78DCDF-759B-43DB-A36E-6560F638D405}.Release|Any CPU.Build.0 = Release|Any CPU
	EndGlobalSection
	GlobalSection(SolutionProperties) = preSolution
		HideSolutionNode = FALSE
	EndGlobalSection
	GlobalSection(ExtensibilityGlobals) = postSolution
		SolutionGuid = {2D69D671-BA4D-4508-A3C4-BD11614B9BEC}
	EndGlobalSection
EndGlobal
